<?xml version="1.0" encoding="UTF-8" standalone="yes" ?>
<CodeBlocks_project_file>
	<FileVersion major="1" minor="6" />
	<Project>
		<Option title="AStarCpp" />
		<Option pch_mode="2" />
		<Option compiler="gcc" />
		<Build>
			<Target title="Debug">
				<Option output="AStarCpp" prefix_auto="1" extension_auto="1" />
				<Option object_output="./.objs" />
				<Option type="1" />
				<Option compiler="gcc" />
				<Compiler>
					<Add option="-g" />
				</Compiler>
			</Target>
			<Target title="Release">
				<Option output="release/AStarCpp" prefix_auto="1" extension_auto="1" />
				<Option object_output="./.objs" />
				<Option type="1" />
				<Option compiler="gcc" />
				<Compiler>
					<Add option="-O2" />
				</Compiler>
				<Linker>
					<Add option="-s" />
				</Linker>
				<ExtraCommands>
					<Add after="$exe_output" />
					<Mode after="always" />
				</ExtraCommands>
			</Target>
		</Build>
		<Compiler>
			<Add option="-Wall" />
			<Add option="-fexceptions" />
			<Add option="-DSFML_STATIC" />
			<Add option="-DJSON_IS_AMALGAMATION" />
			<Add directory="include" />
		</Compiler>
		<Linker>
			<Add library="sfml-graphics-s" />
			<Add library="sfml-window-s" />
			<Add library="sfml-system-s" />
			<Add library="UnitTest++" />
			<Add library="lua51" />
		</Linker>
		<Unit filename="include/CameraController.hpp" />
		<Unit filename="include/Controller.hpp" />
		<Unit filename="include/Game.hpp" />
		<Unit filename="include/GameObject.hpp" />
		<Unit filename="include/LuaState.hpp" />
		<Unit filename="include/Manager.hpp" />
		<Unit filename="include/PathNode.hpp" />
		<Unit filename="include/Pathfinder.hpp" />
		<Unit filename="include/PathfinderSettings.hpp" />
		<Unit filename="include/Random.hpp" />
		<Unit filename="include/Scene.hpp" />
		<Unit filename="include/ScriptManager.hpp" />
		<Unit filename="include/Tile.hpp" />
		<Unit filename="include/TileGraphic.hpp" />
		<Unit filename="include/TileManager.hpp" />
		<Unit filename="include/TiledFile.hpp" />
		<Unit filename="include/TiledWorld.hpp" />
		<Unit filename="include/Time.hpp" />
		<Unit filename="main.cpp" />
		<Unit filename="src/CameraController.cpp" />
		<Unit filename="src/Controller.cpp" />
		<Unit filename="src/Game.cpp" />
		<Unit filename="src/GameObject.cpp" />
		<Unit filename="src/LuaState.cpp" />
		<Unit filename="src/Manager.cpp" />
		<Unit filename="src/PathNode.cpp" />
		<Unit filename="src/Pathfinder.cpp" />
		<Unit filename="src/PathfinderSettings.cpp" />
		<Unit filename="src/Random.cpp" />
		<Unit filename="src/Scene.cpp" />
		<Unit filename="src/ScriptManager.cpp" />
		<Unit filename="src/Tile.cpp" />
		<Unit filename="src/TileGraphic.cpp" />
		<Unit filename="src/TileManager.cpp" />
		<Unit filename="src/TiledFile.cpp" />
		<Unit filename="src/TiledWorld.cpp" />
		<Unit filename="src/Time.cpp" />
		<Unit filename="src/jsoncpp.cpp" />
		<Extensions>
			<code_completion />
			<envvars />
			<debugger />
			<lib_finder disable_auto="1" />
			<DoxyBlocks>
				<comment_style block="0" line="0" />
				<doxyfile_project />
				<doxyfile_build />
				<doxyfile_warnings />
				<doxyfile_output />
				<doxyfile_dot />
				<general />
			</DoxyBlocks>
		</Extensions>
	</Project>
</CodeBlocks_project_file>
